<Solution>
  <Folder Name="/src/">
    <Project Path="src/Company.Api/Company.Api.csproj" />
    <Project Path="src/Company.Application/Company.Application.csproj" />
    <Project Path="src/Company.Domain/Company.Domain.csproj" />
    <Project Path="src/Company.Infrastructure/Company.Infrastructure.csproj" />
  </Folder>
</Solution>
